[{<<"actordb_driver">>,
  {git,"https://github.com/biokoda/actordb_driver.git",
       {ref,"b95fd821fee550f8f00451f89b792782968d19cc"}},
  0},
 {<<"actordb_thrift">>,
  {git,"https://github.com/biokoda/actordb_thrift.git",
       {ref,"a1ea4e63c5f10253f542a9ddbae12559c3c779ef"}},
  0},
 {<<"adbt">>,
  {git,"https://github.com/biokoda/adbt",
       {ref,"10f0745c706b9fa9b846fca9717b91940a1feaad"}},
  1},
 {<<"bkdcore">>,
  {git,"https://github.com/biokoda/bkdcore.git",
       {ref,"9a360d10e88404fdb11ea1c05b0c715cab6087ab"}},
  0},
 {<<"distreg">>,
  {git,"https://github.com/biokoda/distreg.git",
       {ref,"95f8710a794f9fe155ae0638783d03a907e12d78"}},
  1},
 {<<"emurmur3">>,
  {git,"https://github.com/SergejJurecko/emurmur3.git",
       {ref,"da6aaa0b512365957311946098f91962f4943779"}},
  0},
 {<<"goldrush">>,
  {git,"git://github.com/DeadZen/goldrush.git",
       {ref,"212299233c7e7eb63a97be2777e1c05ebaa58dbe"}},
  2},
 {<<"lager">>,
  {git,"https://github.com/basho/lager.git",
       {ref,"8187757388c9adc915379caaab36a2f2ca26e944"}},
  1},
 {<<"ranch">>,
  {git,"https://github.com/ninenines/ranch.git",
       {ref,"adf1822defc2b7cfdc7aca112adabfa1d614043c"}},
  1},
 {<<"thrift">>,
  {git,"https://github.com/biokoda/erlang-thrift.git",
       {ref,"c28e3b795853e6ac22d0f508c838dcf95f331764"}},
  1}].
